
Microsoft Visual Studio Solution File, Format Version 12.00
# Visual Studio 2013
VisualStudioVersion = 12.0.31101.0
MinimumVisualStudioVersion = 10.0.40219.1
Project("{FAE04EC0-301F-11D3-BF4B-00C04F79EFBC}") = "Infraestrutura", "Infraestrutura\Infraestrutura.csproj", "{742D488F-70A6-45E0-8A87-D4649ED6AF7B}"
EndProject
Project("{FAE04EC0-301F-11D3-BF4B-00C04F79EFBC}") = "Infraestrutura.Tests", "Infraestrutura.Tests\Infraestrutura.Tests.csproj", "{BA1AB9E9-2EBA-42EF-A427-223FFA103864}"
EndProject
Global
	GlobalSection(SolutionConfigurationPlatforms) = preSolution
		Debug|Any CPU = Debug|Any CPU
		Release|Any CPU = Release|Any CPU
	EndGlobalSection
	GlobalSection(ProjectConfigurationPlatforms) = postSolution
		{742D488F-70A6-45E0-8A87-D4649ED6AF7B}.Debug|Any CPU.ActiveCfg = Debug|Any CPU
		{742D488F-70A6-45E0-8A87-D4649ED6AF7B}.Debug|Any CPU.Build.0 = Debug|Any CPU
		{742D488F-70A6-45E0-8A87-D4649ED6AF7B}.Release|Any CPU.ActiveCfg = Release|Any CPU
		{742D488F-70A6-45E0-8A87-D4649ED6AF7B}.Release|Any CPU.Build.0 = Release|Any CPU
		{BA1AB9E9-2EBA-42EF-A427-223FFA103864}.Debug|Any CPU.ActiveCfg = Debug|Any CPU
		{BA1AB9E9-2EBA-42EF-A427-223FFA103864}.Debug|Any CPU.Build.0 = Debug|Any CPU
		{BA1AB9E9-2EBA-42EF-A427-223FFA103864}.Release|Any CPU.ActiveCfg = Release|Any CPU
		{BA1AB9E9-2EBA-42EF-A427-223FFA103864}.Release|Any CPU.Build.0 = Release|Any CPU
	EndGlobalSection
	GlobalSection(SolutionProperties) = preSolution
		HideSolutionNode = FALSE
	EndGlobalSection
EndGlobal
